// !$*UTF8*$!
{
	archiveVersion = 1;
	classes = {
	};
	objectVersion = 46;
	objects = {

/* Begin PBXBuildFile section */
		6B97E0DF1EB28FE400C92F2E /* AppDelegate.swift in Sources */ = {isa = PBXBuildFile; fileRef = 6B97E0DE1EB28FE400C92F2E /* AppDelegate.swift */; };
		6B97E0E11EB28FE400C92F2E /* TodoViewController.swift in Sources */ = {isa = PBXBuildFile; fileRef = 6B97E0E01EB28FE400C92F2E /* TodoViewController.swift */; };
		6B97E0E41EB28FE400C92F2E /* Main.storyboard in Resources */ = {isa = PBXBuildFile; fileRef = 6B97E0E21EB28FE400C92F2E /* Main.storyboard */; };
		6B97E0E71EB28FE400C92F2E /* TodoProject.xcdatamodeld in Sources */ = {isa = PBXBuildFile; fileRef = 6B97E0E51EB28FE400C92F2E /* TodoProject.xcdatamodeld */; };
		6B97E0E91EB28FE400C92F2E /* Assets.xcassets in Resources */ = {isa = PBXBuildFile; fileRef = 6B97E0E81EB28FE400C92F2E /* Assets.xcassets */; };
		6B97E0EC1EB28FE400C92F2E /* LaunchScreen.storyboard in Resources */ = {isa = PBXBuildFile; fileRef = 6B97E0EA1EB28FE400C92F2E /* LaunchScreen.storyboard */; };
		6B97E0F71EB28FE400C92F2E /* TodoProjectTests.swift in Sources */ = {isa = PBXBuildFile; fileRef = 6B97E0F61EB28FE400C92F2E /* TodoProjectTests.swift */; };
		6B97E1031EB683A000C92F2E /* TodoData.swift in Sources */ = {isa = PBXBuildFile; fileRef = 6B97E1021EB683A000C92F2E /* TodoData.swift */; };
		6B97E1051EB687D600C92F2E /* DateTime.swift in Sources */ = {isa = PBXBuildFile; fileRef = 6B97E1041EB687D600C92F2E /* DateTime.swift */; };
		6B97E10D1EB7304100C92F2E /* TodoTableViewController.swift in Sources */ = {isa = PBXBuildFile; fileRef = 6B97E10C1EB7304100C92F2E /* TodoTableViewController.swift */; };
		6B97E10F1EB7306700C92F2E /* TodoTableViewCell.swift in Sources */ = {isa = PBXBuildFile; fileRef = 6B97E10E1EB7306700C92F2E /* TodoTableViewCell.swift */; };
		6B97E1111EB8E11500C92F2E /* TodosManager.swift in Sources */ = {isa = PBXBuildFile; fileRef = 6B97E1101EB8E11500C92F2E /* TodosManager.swift */; };
/* End PBXBuildFile section */

/* Begin PBXContainerItemProxy section */
		6B97E0F31EB28FE400C92F2E /* PBXContainerItemProxy */ = {
			isa = PBXContainerItemProxy;
			containerPortal = 6B97E0D31EB28FE400C92F2E /* Project object */;
			proxyType = 1;
			remoteGlobalIDString = 6B97E0DA1EB28FE400C92F2E;
			remoteInfo = TodoProject;
		};
/* End PBXContainerItemProxy section */

/* Begin PBXFileReference section */
		6B97E0DB1EB28FE400C92F2E /* TodoProject.app */ = {isa = PBXFileReference; explicitFileType = wrapper.application; includeInIndex = 0; path = TodoProject.app; sourceTree = BUILT_PRODUCTS_DIR; };
		6B97E0DE1EB28FE400C92F2E /* AppDelegate.swift */ = {isa = PBXFileReference; lastKnownFileType = sourcecode.swift; path = AppDelegate.swift; sourceTree = "<group>"; };
		6B97E0E01EB28FE400C92F2E /* TodoViewController.swift */ = {isa = PBXFileReference; lastKnownFileType = sourcecode.swift; path = TodoViewController.swift; sourceTree = "<group>"; };
		6B97E0E31EB28FE400C92F2E /* Base */ = {isa = PBXFileReference; lastKnownFileType = file.storyboard; name = Base; path = Base.lproj/Main.storyboard; sourceTree = "<group>"; };
		6B97E0E61EB28FE400C92F2E /* TodoProject.xcdatamodel */ = {isa = PBXFileReference; lastKnownFileType = wrapper.xcdatamodel; path = TodoProject.xcdatamodel; sourceTree = "<group>"; };
		6B97E0E81EB28FE400C92F2E /* Assets.xcassets */ = {isa = PBXFileReference; lastKnownFileType = folder.assetcatalog; path = Assets.xcassets; sourceTree = "<group>"; };
		6B97E0EB1EB28FE400C92F2E /* Base */ = {isa = PBXFileReference; lastKnownFileType = file.storyboard; name = Base; path = Base.lproj/LaunchScreen.storyboard; sourceTree = "<group>"; };
		6B97E0ED1EB28FE400C92F2E /* Info.plist */ = {isa = PBXFileReference; lastKnownFileType = text.plist.xml; path = Info.plist; sourceTree = "<group>"; };
		6B97E0F21EB28FE400C92F2E /* TodoProjectTests.xctest */ = {isa = PBXFileReference; explicitFileType = wrapper.cfbundle; includeInIndex = 0; path = TodoProjectTests.xctest; sourceTree = BUILT_PRODUCTS_DIR; };
		6B97E0F61EB28FE400C92F2E /* TodoProjectTests.swift */ = {isa = PBXFileReference; lastKnownFileType = sourcecode.swift; path = TodoProjectTests.swift; sourceTree = "<group>"; };
		6B97E0F81EB28FE400C92F2E /* Info.plist */ = {isa = PBXFileReference; lastKnownFileType = text.plist.xml; path = Info.plist; sourceTree = "<group>"; };
		6B97E1021EB683A000C92F2E /* TodoData.swift */ = {isa = PBXFileReference; fileEncoding = 4; lastKnownFileType = sourcecode.swift; path = TodoData.swift; sourceTree = "<group>"; };
		6B97E1041EB687D600C92F2E /* DateTime.swift */ = {isa = PBXFileReference; fileEncoding = 4; lastKnownFileType = sourcecode.swift; path = DateTime.swift; sourceTree = "<group>"; };
		6B97E10C1EB7304100C92F2E /* TodoTableViewController.swift */ = {isa = PBXFileReference; fileEncoding = 4; lastKnownFileType = sourcecode.swift; path = TodoTableViewController.swift; sourceTree = "<group>"; };
		6B97E10E1EB7306700C92F2E /* TodoTableViewCell.swift */ = {isa = PBXFileReference; fileEncoding = 4; lastKnownFileType = sourcecode.swift; path = TodoTableViewCell.swift; sourceTree = "<group>"; };
		6B97E1101EB8E11500C92F2E /* TodosManager.swift */ = {isa = PBXFileReference; fileEncoding = 4; lastKnownFileType = sourcecode.swift; path = TodosManager.swift; sourceTree = "<group>"; };
/* End PBXFileReference section */

/* Begin PBXFrameworksBuildPhase section */
		6B97E0D81EB28FE400C92F2E /* Frameworks */ = {
			isa = PBXFrameworksBuildPhase;
			buildActionMask = 2147483647;
			files = (
			);
			runOnlyForDeploymentPostprocessing = 0;
		};
		6B97E0EF1EB28FE400C92F2E /* Frameworks */ = {
			isa = PBXFrameworksBuildPhase;
			buildActionMask = 2147483647;
			files = (
			);
			runOnlyForDeploymentPostprocessing = 0;
		};
/* End PBXFrameworksBuildPhase section */

/* Begin PBXGroup section */
		6B97E0D21EB28FE400C92F2E = {
			isa = PBXGroup;
			children = (
				6B97E0DD1EB28FE400C92F2E /* TodoProject */,
				6B97E0F51EB28FE400C92F2E /* TodoProjectTests */,
				6B97E0DC1EB28FE400C92F2E /* Products */,
			);
			sourceTree = "<group>";
		};
		6B97E0DC1EB28FE400C92F2E /* Products */ = {
			isa = PBXGroup;
			children = (
				6B97E0DB1EB28FE400C92F2E /* TodoProject.app */,
				6B97E0F21EB28FE400C92F2E /* TodoProjectTests.xctest */,
			);
			name = Products;
			sourceTree = "<group>";
		};
		6B97E0DD1EB28FE400C92F2E /* TodoProject */ = {
			isa = PBXGroup;
			children = (
				6BB05A501EB920460071757B /* Display */,
				6B97E1011EB6835400C92F2E /* Model */,
				6B97E0DE1EB28FE400C92F2E /* AppDelegate.swift */,
				6B97E0E21EB28FE400C92F2E /* Main.storyboard */,
				6B97E0E81EB28FE400C92F2E /* Assets.xcassets */,
				6B97E0EA1EB28FE400C92F2E /* LaunchScreen.storyboard */,
				6B97E0ED1EB28FE400C92F2E /* Info.plist */,
				6B97E0E51EB28FE400C92F2E /* TodoProject.xcdatamodeld */,
				6B97E10E1EB7306700C92F2E /* TodoTableViewCell.swift */,
			);
			path = TodoProject;
			sourceTree = "<group>";
		};
		6B97E0F51EB28FE400C92F2E /* TodoProjectTests */ = {
			isa = PBXGroup;
			children = (
				6B97E0F61EB28FE400C92F2E /* TodoProjectTests.swift */,
				6B97E0F81EB28FE400C92F2E /* Info.plist */,
			);
			path = TodoProjectTests;
			sourceTree = "<group>";
		};
		6B97E1011EB6835400C92F2E /* Model */ = {
			isa = PBXGroup;
			children = (
				6B97E1021EB683A000C92F2E /* TodoData.swift */,
				6B97E1041EB687D600C92F2E /* DateTime.swift */,
				6B97E1101EB8E11500C92F2E /* TodosManager.swift */,
			);
			name = Model;
			sourceTree = "<group>";
		};
		6BB05A501EB920460071757B /* Display */ = {
			isa = PBXGroup;
			children = (
				6B97E0E01EB28FE400C92F2E /* TodoViewController.swift */,
				6B97E10C1EB7304100C92F2E /* TodoTableViewController.swift */,
			);
			name = Display;
			sourceTree = "<group>";
		};
/* End PBXGroup section */

/* Begin PBXNativeTarget section */
		6B97E0DA1EB28FE400C92F2E /* TodoProject */ = {
			isa = PBXNativeTarget;
			buildConfigurationList = 6B97E0FB1EB28FE400C92F2E /* Build configuration list for PBXNativeTarget "TodoProject" */;
			buildPhases = (
				6B97E0D71EB28FE400C92F2E /* Sources */,
				6B97E0D81EB28FE400C92F2E /* Frameworks */,
				6B97E0D91EB28FE400C92F2E /* Resources */,
			);
			buildRules = (
			);
			dependencies = (
			);
			name = TodoProject;
			productName = TodoProject;
			productReference = 6B97E0DB1EB28FE400C92F2E /* TodoProject.app */;
			productType = "com.apple.product-type.application";
		};
		6B97E0F11EB28FE400C92F2E /* TodoProjectTests */ = {
			isa = PBXNativeTarget;
			buildConfigurationList = 6B97E0FE1EB28FE400C92F2E /* Build configuration list for PBXNativeTarget "TodoProjectTests" */;
			buildPhases = (
				6B97E0EE1EB28FE400C92F2E /* Sources */,
				6B97E0EF1EB28FE400C92F2E /* Frameworks */,
				6B97E0F01EB28FE400C92F2E /* Resources */,
			);
			buildRules = (
			);
			dependencies = (
				6B97E0F41EB28FE400C92F2E /* PBXTargetDependency */,
			);
			name = TodoProjectTests;
			productName = TodoProjectTests;
			productReference = 6B97E0F21EB28FE400C92F2E /* TodoProjectTests.xctest */;
			productType = "com.apple.product-type.bundle.unit-test";
		};
/* End PBXNativeTarget section */

/* Begin PBXProject section */
		6B97E0D31EB28FE400C92F2E /* Project object */ = {
			isa = PBXProject;
			attributes = {
				LastSwiftUpdateCheck = 0830;
				LastUpgradeCheck = 0830;
				ORGANIZATIONNAME = "Davide Gatti";
				TargetAttributes = {
					6B97E0DA1EB28FE400C92F2E = {
						CreatedOnToolsVersion = 8.3.2;
						ProvisioningStyle = Automatic;
					};
					6B97E0F11EB28FE400C92F2E = {
						CreatedOnToolsVersion = 8.3.2;
						ProvisioningStyle = Automatic;
						TestTargetID = 6B97E0DA1EB28FE400C92F2E;
					};
				};
			};
			buildConfigurationList = 6B97E0D61EB28FE400C92F2E /* Build configuration list for PBXProject "TodoProject" */;
			compatibilityVersion = "Xcode 3.2";
			developmentRegion = English;
			hasScannedForEncodings = 0;
			knownRegions = (
				en,
				Base,
			);
			mainGroup = 6B97E0D21EB28FE400C92F2E;
			productRefGroup = 6B97E0DC1EB28FE400C92F2E /* Products */;
			projectDirPath = "";
			projectRoot = "";
			targets = (
				6B97E0DA1EB28FE400C92F2E /* TodoProject */,
				6B97E0F11EB28FE400C92F2E /* TodoProjectTests */,
			);
		};
/* End PBXProject section */

/* Begin PBXResourcesBuildPhase section */
		6B97E0D91EB28FE400C92F2E /* Resources */ = {
			isa = PBXResourcesBuildPhase;
			buildActionMask = 2147483647;
			files = (
				6B97E0EC1EB28FE400C92F2E /* LaunchScreen.storyboard in Resources */,
				6B97E0E91EB28FE400C92F2E /* Assets.xcassets in Resources */,
				6B97E0E41EB28FE400C92F2E /* Main.storyboard in Resources */,
			);
			runOnlyForDeploymentPostprocessing = 0;
		};
		6B97E0F01EB28FE400C92F2E /* Resources */ = {
			isa = PBXResourcesBuildPhase;
			buildActionMask = 2147483647;
			files = (
			);
			runOnlyForDeploymentPostprocessing = 0;
		};
/* End PBXResourcesBuildPhase section */

/* Begin PBXSourcesBuildPhase section */
		6B97E0D71EB28FE400C92F2E /* Sources */ = {
			isa = PBXSourcesBuildPhase;
			buildActionMask = 2147483647;
			files = (
				6B97E0E11EB28FE400C92F2E /* TodoViewController.swift in Sources */,
				6B97E1111EB8E11500C92F2E /* TodosManager.swift in Sources */,
				6B97E10F1EB7306700C92F2E /* TodoTableViewCell.swift in Sources */,
				6B97E1031EB683A000C92F2E /* TodoData.swift in Sources */,
				6B97E1051EB687D600C92F2E /* DateTime.swift in Sources */,
				6B97E10D1EB7304100C92F2E /* TodoTableViewController.swift in Sources */,
				6B97E0E71EB28FE400C92F2E /* TodoProject.xcdatamodeld in Sources */,
				6B97E0DF1EB28FE400C92F2E /* AppDelegate.swift in Sources */,
			);
			runOnlyForDeploymentPostprocessing = 0;
		};
		6B97E0EE1EB28FE400C92F2E /* Sources */ = {
			isa = PBXSourcesBuildPhase;
			buildActionMask = 2147483647;
			files = (
				6B97E0F71EB28FE400C92F2E /* TodoProjectTests.swift in Sources */,
			);
			runOnlyForDeploymentPostprocessing = 0;
		};
/* End PBXSourcesBuildPhase section */

/* Begin PBXTargetDependency section */
		6B97E0F41EB28FE400C92F2E /* PBXTargetDependency */ = {
			isa = PBXTargetDependency;
			target = 6B97E0DA1EB28FE400C92F2E /* TodoProject */;
			targetProxy = 6B97E0F31EB28FE400C92F2E /* PBXContainerItemProxy */;
		};
/* End PBXTargetDependency section */

/* Begin PBXVariantGroup section */
		6B97E0E21EB28FE400C92F2E /* Main.storyboard */ = {
			isa = PBXVariantGroup;
			children = (
				6B97E0E31EB28FE400C92F2E /* Base */,
			);
			name = Main.storyboard;
			sourceTree = "<group>";
		};
		6B97E0EA1EB28FE400C92F2E /* LaunchScreen.storyboard */ = {
			isa = PBXVariantGroup;
			children = (
				6B97E0EB1EB28FE400C92F2E /* Base */,
			);
			name = LaunchScreen.storyboard;
			sourceTree = "<group>";
		};
/* End PBXVariantGroup section */

/* Begin XCBuildConfiguration section */
		6B97E0F91EB28FE400C92F2E /* Debug */ = {
			isa = XCBuildConfiguration;
			buildSettings = {
				ALWAYS_SEARCH_USER_PATHS = NO;
				CLANG_ANALYZER_NONNULL = YES;
				CLANG_ANALYZER_NUMBER_OBJECT_CONVERSION = YES_AGGRESSIVE;
				CLANG_CXX_LANGUAGE_STANDARD = "gnu++0x";
				CLANG_CXX_LIBRARY = "libc++";
				CLANG_ENABLE_MODULES = YES;
				CLANG_ENABLE_OBJC_ARC = YES;
				CLANG_WARN_BOOL_CONVERSION = YES;
				CLANG_WARN_CONSTANT_CONVERSION = YES;
				CLANG_WARN_DIRECT_OBJC_ISA_USAGE = YES_ERROR;
				CLANG_WARN_DOCUMENTATION_COMMENTS = YES;
				CLANG_WARN_EMPTY_BODY = YES;
				CLANG_WARN_ENUM_CONVERSION = YES;
				CLANG_WARN_INFINITE_RECURSION = YES;
				CLANG_WARN_INT_CONVERSION = YES;
				CLANG_WARN_OBJC_ROOT_CLASS = YES_ERROR;
				CLANG_WARN_SUSPICIOUS_MOVE = YES;
				CLANG_WARN_UNREACHABLE_CODE = YES;
				CLANG_WARN__DUPLICATE_METHOD_MATCH = YES;
				"CODE_SIGN_IDENTITY[sdk=iphoneos*]" = "iPhone Developer";
				COPY_PHASE_STRIP = NO;
				DEBUG_INFORMATION_FORMAT = dwarf;
				ENABLE_STRICT_OBJC_MSGSEND = YES;
				ENABLE_TESTABILITY = YES;
				GCC_C_LANGUAGE_STANDARD = gnu99;
				GCC_DYNAMIC_NO_PIC = NO;
				GCC_NO_COMMON_BLOCKS = YES;
				GCC_OPTIMIZATION_LEVEL = 0;
				GCC_PREPROCESSOR_DEFINITIONS = (
					"DEBUG=1",
					"$(inherited)",
				);
				GCC_WARN_64_TO_32_BIT_CONVERSION = YES;
				GCC_WARN_ABOUT_RETURN_TYPE = YES_ERROR;
				GCC_WARN_UNDECLARED_SELECTOR = YES;
				GCC_WARN_UNINITIALIZED_AUTOS = YES_AGGRESSIVE;
				GCC_WARN_UNUSED_FUNCTION = YES;
				GCC_WARN_UNUSED_VARIABLE = YES;
				IPHONEOS_DEPLOYMENT_TARGET = 10.3;
				MTL_ENABLE_DEBUG_INFO = YES;
				ONLY_ACTIVE_ARCH = YES;
				SDKROOT = iphoneos;
				SWIFT_ACTIVE_COMPILATION_CONDITIONS = DEBUG;
				SWIFT_OPTIMIZATION_LEVEL = "-Onone";
			};
			name = Debug;
		};
		6B97E0FA1EB28FE400C92F2E /* Release */ = {
			isa = XCBuildConfiguration;
			buildSettings = {
				ALWAYS_SEARCH_USER_PATHS = NO;
				CLANG_ANALYZER_NONNULL = YES;
				CLANG_ANALYZER_NUMBER_OBJECT_CONVERSION = YES_AGGRESSIVE;
				CLANG_CXX_LANGUAGE_STANDARD = "gnu++0x";
				CLANG_CXX_LIBRARY = "libc++";
				CLANG_ENABLE_MODULES = YES;
				CLANG_ENABLE_OBJC_ARC = YES;
				CLANG_WARN_BOOL_CONVERSION = YES;
				CLANG_WARN_CONSTANT_CONVERSION = YES;
				CLANG_WARN_DIRECT_OBJC_ISA_USAGE = YES_ERROR;
				CLANG_WARN_DOCUMENTATION_COMMENTS = YES;
				CLANG_WARN_EMPTY_BODY = YES;
				CLANG_WARN_ENUM_CONVERSION = YES;
				CLANG_WARN_INFINITE_RECURSION = YES;
				CLANG_WARN_INT_CONVERSION = YES;
				CLANG_WARN_OBJC_ROOT_CLASS = YES_ERROR;
				CLANG_WARN_SUSPICIOUS_MOVE = YES;
				CLANG_WARN_UNREACHABLE_CODE = YES;
				CLANG_WARN__DUPLICATE_METHOD_MATCH = YES;
				"CODE_SIGN_IDENTITY[sdk=iphoneos*]" = "iPhone Developer";
				COPY_PHASE_STRIP = NO;
				DEBUG_INFORMATION_FORMAT = "dwarf-with-dsym";
				ENABLE_NS_ASSERTIONS = NO;
				ENABLE_STRICT_OBJC_MSGSEND = YES;
				GCC_C_LANGUAGE_STANDARD = gnu99;
				GCC_NO_COMMON_BLOCKS = YES;
				GCC_WARN_64_TO_32_BIT_CONVERSION = YES;
				GCC_WARN_ABOUT_RETURN_TYPE = YES_ERROR;
				GCC_WARN_UNDECLARED_SELECTOR = YES;
				GCC_WARN_UNINITIALIZED_AUTOS = YES_AGGRESSIVE;
				GCC_WARN_UNUSED_FUNCTION = YES;
				GCC_WARN_UNUSED_VARIABLE = YES;
				IPHONEOS_DEPLOYMENT_TARGET = 10.3;
				MTL_ENABLE_DEBUG_INFO = NO;
				SDKROOT = iphoneos;
				SWIFT_OPTIMIZATION_LEVEL = "-Owholemodule";
				VALIDATE_PRODUCT = YES;
			};
			name = Release;
		};
		6B97E0FC1EB28FE400C92F2E /* Debug */ = {
			isa = XCBuildConfiguration;
			buildSettings = {
				ASSETCATALOG_COMPILER_APPICON_NAME = AppIcon;
				INFOPLIST_FILE = TodoProject/Info.plist;
				LD_RUNPATH_SEARCH_PATHS = "$(inherited) @executable_path/Frameworks";
				PRODUCT_BUNDLE_IDENTIFIER = dsoft.TodoProject;
				PRODUCT_NAME = "$(TARGET_NAME)";
				SWIFT_VERSION = 3.0;
			};
			name = Debug;
		};
		6B97E0FD1EB28FE400C92F2E /* Release */ = {
			isa = XCBuildConfiguration;
			buildSettings = {
				ASSETCATALOG_COMPILER_APPICON_NAME = AppIcon;
				INFOPLIST_FILE = TodoProject/Info.plist;
				LD_RUNPATH_SEARCH_PATHS = "$(inherited) @executable_path/Frameworks";
				PRODUCT_BUNDLE_IDENTIFIER = dsoft.TodoProject;
				PRODUCT_NAME = "$(TARGET_NAME)";
				SWIFT_VERSION = 3.0;
			};
			name = Release;
		};
		6B97E0FF1EB28FE400C92F2E /* Debug */ = {
			isa = XCBuildConfiguration;
			buildSettings = {
				ALWAYS_EMBED_SWIFT_STANDARD_LIBRARIES = YES;
				BUNDLE_LOADER = "$(TEST_HOST)";
				INFOPLIST_FILE = TodoProjectTests/Info.plist;
				LD_RUNPATH_SEARCH_PATHS = "$(inherited) @executable_path/Frameworks @loader_path/Frameworks";
				PRODUCT_BUNDLE_IDENTIFIER = dsoft.TodoProjectTests;
				PRODUCT_NAME = "$(TARGET_NAME)";
				SWIFT_VERSION = 3.0;
				TEST_HOST = "$(BUILT_PRODUCTS_DIR)/TodoProject.app/TodoProject";
			};
			name = Debug;
		};
		6B97E1001EB28FE400C92F2E /* Release */ = {
			isa = XCBuildConfiguration;
			buildSettings = {
				ALWAYS_EMBED_SWIFT_STANDARD_LIBRARIES = YES;
				BUNDLE_LOADER = "$(TEST_HOST)";
				INFOPLIST_FILE = TodoProjectTests/Info.plist;
				LD_RUNPATH_SEARCH_PATHS = "$(inherited) @executable_path/Frameworks @loader_path/Frameworks";
				PRODUCT_BUNDLE_IDENTIFIER = dsoft.TodoProjectTests;
				PRODUCT_NAME = "$(TARGET_NAME)";
				SWIFT_VERSION = 3.0;
				TEST_HOST = "$(BUILT_PRODUCTS_DIR)/TodoProject.app/TodoProject";
			};
			name = Release;
		};
/* End XCBuildConfiguration section */

/* Begin XCConfigurationList section */
		6B97E0D61EB28FE400C92F2E /* Build configuration list for PBXProject "TodoProject" */ = {
			isa = XCConfigurationList;
			buildConfigurations = (
				6B97E0F91EB28FE400C92F2E /* Debug */,
				6B97E0FA1EB28FE400C92F2E /* Release */,
			);
			defaultConfigurationIsVisible = 0;
			defaultConfigurationName = Release;
		};
		6B97E0FB1EB28FE400C92F2E /* Build configuration list for PBXNativeTarget "TodoProject" */ = {
			isa = XCConfigurationList;
			buildConfigurations = (
				6B97E0FC1EB28FE400C92F2E /* Debug */,
				6B97E0FD1EB28FE400C92F2E /* Release */,
			);
			defaultConfigurationIsVisible = 0;
			defaultConfigurationName = Release;
		};
		6B97E0FE1EB28FE400C92F2E /* Build configuration list for PBXNativeTarget "TodoProjectTests" */ = {
			isa = XCConfigurationList;
			buildConfigurations = (
				6B97E0FF1EB28FE400C92F2E /* Debug */,
				6B97E1001EB28FE400C92F2E /* Release */,
			);
			defaultConfigurationIsVisible = 0;
			defaultConfigurationName = Release;
		};
/* End XCConfigurationList section */

/* Begin XCVersionGroup section */
		6B97E0E51EB28FE400C92F2E /* TodoProject.xcdatamodeld */ = {
			isa = XCVersionGroup;
			children = (
				6B97E0E61EB28FE400C92F2E /* TodoProject.xcdatamodel */,
			);
			currentVersion = 6B97E0E61EB28FE400C92F2E /* TodoProject.xcdatamodel */;
			path = TodoProject.xcdatamodeld;
			sourceTree = "<group>";
			versionGroupType = wrapper.xcdatamodel;
		};
/* End XCVersionGroup section */
	};
	rootObject = 6B97E0D31EB28FE400C92F2E /* Project object */;
}
